
Microsoft Visual Studio Solution File, Format Version 12.00
# Visual Studio Version 17
VisualStudioVersion = 17.11.35222.181
MinimumVisualStudioVersion = 10.0.40219.1
Project("{8BC9CEB8-8B4A-11D0-8D11-00A0C91BC942}") = "WeatherService", "WeatherService.vcxproj", "{33EFE615-697A-478F-8B8E-F19ABFE55A63}"
EndProject
Global
	GlobalSection(SolutionConfigurationPlatforms) = preSolution
		Debug|x64 = Debug|x64
		Debug|x86 = Debug|x86
		Release|x64 = Release|x64
		Release|x86 = Release|x86
	EndGlobalSection
	GlobalSection(ProjectConfigurationPlatforms) = postSolution
		{33EFE615-697A-478F-8B8E-F19ABFE55A63}.Debug|x64.ActiveCfg = Debug|x64
		{33EFE615-697A-478F-8B8E-F19ABFE55A63}.Debug|x64.Build.0 = Debug|x64
		{33EFE615-697A-478F-8B8E-F19ABFE55A63}.Debug|x86.ActiveCfg = Debug|Win32
		{33EFE615-697A-478F-8B8E-F19ABFE55A63}.Debug|x86.Build.0 = Debug|Win32
		{33EFE615-697A-478F-8B8E-F19ABFE55A63}.Release|x64.ActiveCfg = Release|x64
		{33EFE615-697A-478F-8B8E-F19ABFE55A63}.Release|x64.Build.0 = Release|x64
		{33EFE615-697A-478F-8B8E-F19ABFE55A63}.Release|x86.ActiveCfg = Release|Win32
		{33EFE615-697A-478F-8B8E-F19ABFE55A63}.Release|x86.Build.0 = Release|Win32
	EndGlobalSection
	GlobalSection(SolutionProperties) = preSolution
		HideSolutionNode = FALSE
	EndGlobalSection
	GlobalSection(ExtensibilityGlobals) = postSolution
		SolutionGuid = {2FFD8F57-BDA5-47C1-AFB6-DF96B7F6A46E}
	EndGlobalSection
EndGlobal
